
Microsoft Visual Studio Solution File, Format Version 12.00
# Visual Studio Version 17
VisualStudioVersion = 17.8.34316.72
MinimumVisualStudioVersion = 10.0.40219.1
Project("{F184B08F-C81C-45F6-A57F-5ABD9991F28F}") = "gayla", "gayla\gayla.vbproj", "{3D6842D9-19A5-44A8-BF6C-9AF63AEEB748}"
EndProject
Global
	GlobalSection(SolutionConfigurationPlatforms) = preSolution
		Debug|Any CPU = Debug|Any CPU
		Release|Any CPU = Release|Any CPU
	EndGlobalSection
	GlobalSection(ProjectConfigurationPlatforms) = postSolution
		{3D6842D9-19A5-44A8-BF6C-9AF63AEEB748}.Debug|Any CPU.ActiveCfg = Debug|Any CPU
		{3D6842D9-19A5-44A8-BF6C-9AF63AEEB748}.Debug|Any CPU.Build.0 = Debug|Any CPU
		{3D6842D9-19A5-44A8-BF6C-9AF63AEEB748}.Release|Any CPU.ActiveCfg = Release|Any CPU
		{3D6842D9-19A5-44A8-BF6C-9AF63AEEB748}.Release|Any CPU.Build.0 = Release|Any CPU
	EndGlobalSection
	GlobalSection(SolutionProperties) = preSolution
		HideSolutionNode = FALSE
	EndGlobalSection
	GlobalSection(ExtensibilityGlobals) = postSolution
		SolutionGuid = {0954FB14-BC27-43F8-80A0-20B1551671FC}
	EndGlobalSection
EndGlobal
